// !$*UTF8*$!
{
	archiveVersion = 1;
	classes = {
	};
	objectVersion = 56;
	objects = {

/* Begin PBXBuildFile section */
		051051E134E04AD1868E7F4C /* TerminalView+TranscriptBehavior.swift in Sources */ = {isa = PBXBuildFile; fileRef = 31BFF3306DFF4EEC97D297BF /* TerminalView+TranscriptBehavior.swift */; };
		1294D7519C2B4472B8CCE236 /* TerminalView+TranscriptBubble.swift in Sources */ = {isa = PBXBuildFile; fileRef = 64CF291C594F4C8A9539291A /* TerminalView+TranscriptBubble.swift */; };
		3B4B035D86A547AC8198ECD8 /* TerminalMarkdownRenderer+Parsing.swift in Sources */ = {isa = PBXBuildFile; fileRef = 6250668D17C04A23B71786AC /* TerminalMarkdownRenderer+Parsing.swift */; };
		528CDB77E7D14B45A53268FB /* TerminalView+TranscriptSuggestions.swift in Sources */ = {isa = PBXBuildFile; fileRef = 60D199B93FB44171854B772E /* TerminalView+TranscriptSuggestions.swift */; };
		57A72875AC1342AABD881B60 /* TerminalMarkdownRenderer+Formatting.swift in Sources */ = {isa = PBXBuildFile; fileRef = A2004BEEE2C94167A8B29DB6 /* TerminalMarkdownRenderer+Formatting.swift */; };
		7DBAF4A3C7864585A79E6EF2 /* ClaudeSessionCLIParsing+ValueExtraction.swift in Sources */ = {isa = PBXBuildFile; fileRef = 2AD260B3BA9C4BCF90E35E5E /* ClaudeSessionCLIParsing+ValueExtraction.swift */; };
		7DF970370B8446F3B824C07C /* TerminalView+SetupActions.swift in Sources */ = {isa = PBXBuildFile; fileRef = 0A58238166CD4823820011F5 /* TerminalView+SetupActions.swift */; };
		922A33A52F812E09008BF92C /* Sparkle in Frameworks */ = {isa = PBXBuildFile; productRef = 922A33A42F812E09008BF92C /* Sparkle */; };
		922A33A92F812F19008BF92C /* Lottie in Frameworks */ = {isa = PBXBuildFile; productRef = 922A33A82F812F19008BF92C /* Lottie */; };
		9B5B7C6D4F4E4B11A1D2C3E4 /* WalkerCharacterSessionWiring+Formatting.swift in Sources */ = {isa = PBXBuildFile; fileRef = 9B5B7C6D4F4E4B11A1D2C3E5 /* WalkerCharacterSessionWiring+Formatting.swift */; };
		A10000010000000000000001 /* LilAgentsApp.swift in Sources */ = {isa = PBXBuildFile; fileRef = A10000020000000000000001 /* LilAgentsApp.swift */; };
		A10000010000000000000005 /* Assets.xcassets in Resources */ = {isa = PBXBuildFile; fileRef = A10000020000000000000007 /* Assets.xcassets */; };
		A10000010000000000000010 /* Sounds in Resources */ = {isa = PBXBuildFile; fileRef = A10000020000000000000010 /* Sounds */; };
		A10000010000000000000020 /* PopoverTheme.swift in Sources */ = {isa = PBXBuildFile; fileRef = A10000020000000000000020 /* PopoverTheme.swift */; };
		A10000010000000000000021 /* CharacterContentView.swift in Sources */ = {isa = PBXBuildFile; fileRef = A10000020000000000000021 /* CharacterContentView.swift */; };
		A10000010000000000000022 /* ClaudeSession.swift in Sources */ = {isa = PBXBuildFile; fileRef = A10000020000000000000022 /* ClaudeSession.swift */; };
		A10000010000000000000023 /* TerminalView.swift in Sources */ = {isa = PBXBuildFile; fileRef = A10000020000000000000023 /* TerminalView.swift */; };
		A10000010000000000000024 /* WalkerCharacter.swift in Sources */ = {isa = PBXBuildFile; fileRef = A10000020000000000000024 /* WalkerCharacter.swift */; };
		A10000010000000000000025 /* LilAgentsController.swift in Sources */ = {isa = PBXBuildFile; fileRef = A10000020000000000000025 /* LilAgentsController.swift */; };
		A10000010000000000000026 /* PaddedTextFieldCell.swift in Sources */ = {isa = PBXBuildFile; fileRef = A10000020000000000000026 /* PaddedTextFieldCell.swift */; };
		A10000010000000000000027 /* TerminalView+Setup.swift in Sources */ = {isa = PBXBuildFile; fileRef = A10000020000000000000027 /* TerminalView+Setup.swift */; };
		A10000010000000000000029 /* TerminalView+Attachments.swift in Sources */ = {isa = PBXBuildFile; fileRef = A10000020000000000000029 /* TerminalView+Attachments.swift */; };
		A10000010000000000000030 /* TerminalMarkdownRenderer.swift in Sources */ = {isa = PBXBuildFile; fileRef = A10000020000000000000030 /* TerminalMarkdownRenderer.swift */; };
		A10000010000000000000031 /* WalkerCharacterTypes.swift in Sources */ = {isa = PBXBuildFile; fileRef = A10000020000000000000031 /* WalkerCharacterTypes.swift */; };
		A10000010000000000000032 /* WalkerCharacterCore.swift in Sources */ = {isa = PBXBuildFile; fileRef = A10000020000000000000032 /* WalkerCharacterCore.swift */; };
		A10000010000000000000033 /* WalkerCharacterPopover.swift in Sources */ = {isa = PBXBuildFile; fileRef = A10000020000000000000033 /* WalkerCharacterPopover.swift */; };
		A10000010000000000000034 /* WalkerCharacterVisuals.swift in Sources */ = {isa = PBXBuildFile; fileRef = A10000020000000000000034 /* WalkerCharacterVisuals.swift */; };
		A10000010000000000000035 /* WalkerCharacterMovement.swift in Sources */ = {isa = PBXBuildFile; fileRef = A10000020000000000000035 /* WalkerCharacterMovement.swift */; };
		A10000010000000000000036 /* ClaudeSessionModels.swift in Sources */ = {isa = PBXBuildFile; fileRef = A10000020000000000000036 /* ClaudeSessionModels.swift */; };
		A10000010000000000000037 /* ClaudeSessionState.swift in Sources */ = {isa = PBXBuildFile; fileRef = A10000020000000000000037 /* ClaudeSessionState.swift */; };
		A10000010000000000000038 /* ClaudeSessionExpertResolution.swift in Sources */ = {isa = PBXBuildFile; fileRef = A10000020000000000000038 /* ClaudeSessionExpertResolution.swift */; };
		A10000010000000000000039 /* ClaudeSessionTransport.swift in Sources */ = {isa = PBXBuildFile; fileRef = A10000020000000000000039 /* ClaudeSessionTransport.swift */; };
		A10000010000000000000040 /* AppSettings.swift in Sources */ = {isa = PBXBuildFile; fileRef = A10000020000000000000040 /* AppSettings.swift */; };
		A10000010000000000000041 /* SettingsView.swift in Sources */ = {isa = PBXBuildFile; fileRef = A10000020000000000000041 /* SettingsView.swift */; };
		A10000010000000000000042 /* LocalArchive.swift in Sources */ = {isa = PBXBuildFile; fileRef = A10000020000000000000042 /* LocalArchive.swift */; };
		A10000010000000000000043 /* StarterArchive in Resources */ = {isa = PBXBuildFile; fileRef = A10000020000000000000043 /* StarterArchive */; };
		A10000010000000000000044 /* SessionDebugLogger.swift in Sources */ = {isa = PBXBuildFile; fileRef = A10000020000000000000044 /* SessionDebugLogger.swift */; };
		A10000010000000000000045 /* ClaudeSessionBackend.swift in Sources */ = {isa = PBXBuildFile; fileRef = A10000020000000000000045 /* ClaudeSessionBackend.swift */; };
		A10000010000000000000046 /* ClaudeSessionCLI.swift in Sources */ = {isa = PBXBuildFile; fileRef = A10000020000000000000046 /* ClaudeSessionCLI.swift */; };
		A10000010000000000000047 /* ClaudeSessionCLIParsing.swift in Sources */ = {isa = PBXBuildFile; fileRef = A10000020000000000000047 /* ClaudeSessionCLIParsing.swift */; };
		A10000010000000000000048 /* ClaudeSessionExpertCatalog.swift in Sources */ = {isa = PBXBuildFile; fileRef = A10000020000000000000048 /* ClaudeSessionExpertCatalog.swift */; };
		A10000010000000000000049 /* ClaudeSessionExpertTextResolution.swift in Sources */ = {isa = PBXBuildFile; fileRef = A10000020000000000000049 /* ClaudeSessionExpertTextResolution.swift */; };
		A10000010000000000000050 /* ClaudeSessionOpenAI.swift in Sources */ = {isa = PBXBuildFile; fileRef = A10000020000000000000050 /* ClaudeSessionOpenAI.swift */; };
		A10000010000000000000052 /* ClaudeSessionSupport.swift in Sources */ = {isa = PBXBuildFile; fileRef = A10000020000000000000052 /* ClaudeSessionSupport.swift */; };
		A10000010000000000000053 /* TerminalView+Panels.swift in Sources */ = {isa = PBXBuildFile; fileRef = A10000020000000000000053 /* TerminalView+Panels.swift */; };
		A10000010000000000000054 /* TerminalViewLayout.swift in Sources */ = {isa = PBXBuildFile; fileRef = A10000020000000000000054 /* TerminalViewLayout.swift */; };
		A10000010000000000000055 /* WalkerCharacterBubble.swift in Sources */ = {isa = PBXBuildFile; fileRef = A10000020000000000000055 /* WalkerCharacterBubble.swift */; };
		A10000010000000000000056 /* WalkerCharacterExpertTag.swift in Sources */ = {isa = PBXBuildFile; fileRef = A10000020000000000000056 /* WalkerCharacterExpertTag.swift */; };
		A10000010000000000000057 /* WalkerCharacterPopoverWindow.swift in Sources */ = {isa = PBXBuildFile; fileRef = A10000020000000000000057 /* WalkerCharacterPopoverWindow.swift */; };
		A10000010000000000000058 /* WalkerCharacterSessionWiring.swift in Sources */ = {isa = PBXBuildFile; fileRef = A10000020000000000000058 /* WalkerCharacterSessionWiring.swift */; };
		A10000010000000000000061 /* MCPConnectionCards.swift in Sources */ = {isa = PBXBuildFile; fileRef = A10000020000000000000061 /* MCPConnectionCards.swift */; };
		A10000010000000000000062 /* SettingsComponents.swift in Sources */ = {isa = PBXBuildFile; fileRef = A10000020000000000000062 /* SettingsComponents.swift */; };
		A10000010000000000000063 /* SettingsView+SourcePane.swift in Sources */ = {isa = PBXBuildFile; fileRef = A10000020000000000000063 /* SettingsView+SourcePane.swift */; };
		A10000010000000000000064 /* SettingsView+ModelsPane.swift in Sources */ = {isa = PBXBuildFile; fileRef = A10000020000000000000064 /* SettingsView+ModelsPane.swift */; };
		A10000010000000000000065 /* ClaudeSessionCLIParsing+ToolDisplay.swift in Sources */ = {isa = PBXBuildFile; fileRef = A10000020000000000000065 /* ClaudeSessionCLIParsing+ToolDisplay.swift */; };
		A10000010000000000000066 /* HoverButton.swift in Sources */ = {isa = PBXBuildFile; fileRef = A10000020000000000000066 /* HoverButton.swift */; };
		A10000010000000000000067 /* TerminalView+WelcomePanel.swift in Sources */ = {isa = PBXBuildFile; fileRef = A10000020000000000000067 /* TerminalView+WelcomePanel.swift */; };
		A10000010000000000000068 /* TerminalView+LiveStatus.swift in Sources */ = {isa = PBXBuildFile; fileRef = A10000020000000000000068 /* TerminalView+LiveStatus.swift */; };
		A10000010000000000000069 /* ClaudeSessionOfficialArchive.swift in Sources */ = {isa = PBXBuildFile; fileRef = A10000020000000000000069 /* ClaudeSessionOfficialArchive.swift */; };
		A10000010000000000000070 /* LennyArchiveClient.swift in Sources */ = {isa = PBXBuildFile; fileRef = A10000020000000000000070 /* LennyArchiveClient.swift */; };
		A10000010000000000000071 /* ClaudeSessionGitHubFetch.swift in Sources */ = {isa = PBXBuildFile; fileRef = A10000020000000000000071 /* ClaudeSessionGitHubFetch.swift */; };
		A10000010000000000000072 /* AppSettings+Detection.swift in Sources */ = {isa = PBXBuildFile; fileRef = A10000020000000000000072 /* AppSettings+Detection.swift */; };
		A10000010000000000000073 /* AppSettings+MCPConfig.swift in Sources */ = {isa = PBXBuildFile; fileRef = A10000020000000000000073 /* AppSettings+MCPConfig.swift */; };
		A10000010000000000000074 /* AppSettings+MCPInstaller.swift in Sources */ = {isa = PBXBuildFile; fileRef = A10000020000000000000074 /* AppSettings+MCPInstaller.swift */; };
		A10000010000000000000075 /* ClaudeSessionTransport+Archive.swift in Sources */ = {isa = PBXBuildFile; fileRef = A10000020000000000000075 /* ClaudeSessionTransport+Archive.swift */; };
		A10000010000000000000076 /* ClaudeSessionTransport+Diagnostics.swift in Sources */ = {isa = PBXBuildFile; fileRef = A10000020000000000000076 /* ClaudeSessionTransport+Diagnostics.swift */; };
		A10000010000000000000077 /* MCPConnectionCards+OfficialMCP.swift in Sources */ = {isa = PBXBuildFile; fileRef = A10000020000000000000077 /* MCPConnectionCards+OfficialMCP.swift */; };
		A10000110000000000000001 /* CharacterSprites in Resources */ = {isa = PBXBuildFile; fileRef = A10000120000000000000001 /* CharacterSprites */; };
		A10000110000000000000002 /* ExpertAvatars in Resources */ = {isa = PBXBuildFile; fileRef = A10000120000000000000002 /* ExpertAvatars */; };
		A10000110000000000000003 /* fall-smoke-dust.lottie in Resources */ = {isa = PBXBuildFile; fileRef = A10000120000000000000003 /* fall-smoke-dust.lottie */; };
		A10000110000000000000004 /* fall-smoke-dust.json in Resources */ = {isa = PBXBuildFile; fileRef = A10000120000000000000004 /* fall-smoke-dust.json */; };
		B67657262565478489452A02 /* TerminalView+TranscriptSupport.swift in Sources */ = {isa = PBXBuildFile; fileRef = E6147B37CFB04148BFA41599 /* TerminalView+TranscriptSupport.swift */; };
		B79886ADD52D409490EA159A /* ClaudeSessionCLIParsing+Stdout.swift in Sources */ = {isa = PBXBuildFile; fileRef = BAAA8DD4462743869A46526E /* ClaudeSessionCLIParsing+Stdout.swift */; };
		BE61A7DFB8334AA396E94A7D /* LilAgentsApp+MenuBar.swift in Sources */ = {isa = PBXBuildFile; fileRef = 1DE77FA6D7384588B124A5E7 /* LilAgentsApp+MenuBar.swift */; };
		D799D5C77D4A4FE6B64212AC /* TerminalView+TranscriptAccessoryViews.swift in Sources */ = {isa = PBXBuildFile; fileRef = F17C00560192470995924D41 /* TerminalView+TranscriptAccessoryViews.swift */; };
		D8A23CFBC5234439AA8244A7 /* AvatarImageUtilities.swift in Sources */ = {isa = PBXBuildFile; fileRef = B97C5AEED2944E54BCB1A99A /* AvatarImageUtilities.swift */; };
		DE03A9314A424E6E8BEC2B02 /* TerminalView+AttachmentsParsing.swift in Sources */ = {isa = PBXBuildFile; fileRef = F57B574712DA4013BC6E6D5E /* TerminalView+AttachmentsParsing.swift */; };
		DFBB600C64A445B09FA49BC4 /* TerminalView+TranscriptBubbleText.swift in Sources */ = {isa = PBXBuildFile; fileRef = B6E1D829BD5F45BE93DC108D /* TerminalView+TranscriptBubbleText.swift */; };
		E25DDE8424DF4E209F62E6B3 /* ClaudeSessionAttachmentModels.swift in Sources */ = {isa = PBXBuildFile; fileRef = AC0815D0269047FF9812F195 /* ClaudeSessionAttachmentModels.swift */; };
		F6C51614C7964C2EA992F899 /* ClaudeSessionCLIParsing+Structured.swift in Sources */ = {isa = PBXBuildFile; fileRef = C98E81F03EBD48908267BBEF /* ClaudeSessionCLIParsing+Structured.swift */; };
		F7A0C2AA9D5941F1B950A8A1 /* GuestTitles.swift in Sources */ = {isa = PBXBuildFile; fileRef = F7A0C2A99D5941F1B950A8A1 /* GuestTitles.swift */; };
/* End PBXBuildFile section */

/* Begin PBXFileReference section */
		0A58238166CD4823820011F5 /* TerminalView+SetupActions.swift */ = {isa = PBXFileReference; lastKnownFileType = sourcecode.swift; path = "TerminalView+SetupActions.swift"; sourceTree = "<group>"; };
		1DE77FA6D7384588B124A5E7 /* LilAgentsApp+MenuBar.swift */ = {isa = PBXFileReference; lastKnownFileType = sourcecode.swift; path = "LilAgentsApp+MenuBar.swift"; sourceTree = "<group>"; };
		2AD260B3BA9C4BCF90E35E5E /* ClaudeSessionCLIParsing+ValueExtraction.swift */ = {isa = PBXFileReference; lastKnownFileType = sourcecode.swift; path = "ClaudeSessionCLIParsing+ValueExtraction.swift"; sourceTree = "<group>"; };
		31BFF3306DFF4EEC97D297BF /* TerminalView+TranscriptBehavior.swift */ = {isa = PBXFileReference; lastKnownFileType = sourcecode.swift; path = "TerminalView+TranscriptBehavior.swift"; sourceTree = "<group>"; };
		60D199B93FB44171854B772E /* TerminalView+TranscriptSuggestions.swift */ = {isa = PBXFileReference; lastKnownFileType = sourcecode.swift; path = "TerminalView+TranscriptSuggestions.swift"; sourceTree = "<group>"; };
		6250668D17C04A23B71786AC /* TerminalMarkdownRenderer+Parsing.swift */ = {isa = PBXFileReference; lastKnownFileType = sourcecode.swift; path = "TerminalMarkdownRenderer+Parsing.swift"; sourceTree = "<group>"; };
		64CF291C594F4C8A9539291A /* TerminalView+TranscriptBubble.swift */ = {isa = PBXFileReference; lastKnownFileType = sourcecode.swift; path = "TerminalView+TranscriptBubble.swift"; sourceTree = "<group>"; };
		9B5B7C6D4F4E4B11A1D2C3E5 /* WalkerCharacterSessionWiring+Formatting.swift */ = {isa = PBXFileReference; lastKnownFileType = sourcecode.swift; path = "WalkerCharacterSessionWiring+Formatting.swift"; sourceTree = "<group>"; };
		A10000020000000000000001 /* LilAgentsApp.swift */ = {isa = PBXFileReference; lastKnownFileType = sourcecode.swift; path = LilAgentsApp.swift; sourceTree = "<group>"; };
		A10000020000000000000003 /* Info.plist */ = {isa = PBXFileReference; lastKnownFileType = text.plist.xml; path = Info.plist; sourceTree = "<group>"; };
		A10000020000000000000004 /* LilAgents.entitlements */ = {isa = PBXFileReference; lastKnownFileType = text.plist.entitlements; path = LilAgents.entitlements; sourceTree = "<group>"; };
		A10000020000000000000007 /* Assets.xcassets */ = {isa = PBXFileReference; lastKnownFileType = folder.assetcatalog; path = Assets.xcassets; sourceTree = "<group>"; };
		A10000020000000000000010 /* Sounds */ = {isa = PBXFileReference; lastKnownFileType = folder; path = Sounds; sourceTree = "<group>"; };
		A10000020000000000000020 /* PopoverTheme.swift */ = {isa = PBXFileReference; lastKnownFileType = sourcecode.swift; path = PopoverTheme.swift; sourceTree = "<group>"; };
		A10000020000000000000021 /* CharacterContentView.swift */ = {isa = PBXFileReference; lastKnownFileType = sourcecode.swift; path = CharacterContentView.swift; sourceTree = "<group>"; };
		A10000020000000000000022 /* ClaudeSession.swift */ = {isa = PBXFileReference; lastKnownFileType = sourcecode.swift; path = ClaudeSession.swift; sourceTree = "<group>"; };
		A10000020000000000000023 /* TerminalView.swift */ = {isa = PBXFileReference; lastKnownFileType = sourcecode.swift; path = TerminalView.swift; sourceTree = "<group>"; };
		A10000020000000000000024 /* WalkerCharacter.swift */ = {isa = PBXFileReference; lastKnownFileType = sourcecode.swift; path = WalkerCharacter.swift; sourceTree = "<group>"; };
		A10000020000000000000025 /* LilAgentsController.swift */ = {isa = PBXFileReference; lastKnownFileType = sourcecode.swift; path = LilAgentsController.swift; sourceTree = "<group>"; };
		A10000020000000000000026 /* PaddedTextFieldCell.swift */ = {isa = PBXFileReference; lastKnownFileType = sourcecode.swift; path = PaddedTextFieldCell.swift; sourceTree = "<group>"; };
		A10000020000000000000027 /* TerminalView+Setup.swift */ = {isa = PBXFileReference; lastKnownFileType = sourcecode.swift; path = "TerminalView+Setup.swift"; sourceTree = "<group>"; };
		A10000020000000000000029 /* TerminalView+Attachments.swift */ = {isa = PBXFileReference; lastKnownFileType = sourcecode.swift; path = "TerminalView+Attachments.swift"; sourceTree = "<group>"; };
		A10000020000000000000030 /* TerminalMarkdownRenderer.swift */ = {isa = PBXFileReference; lastKnownFileType = sourcecode.swift; path = TerminalMarkdownRenderer.swift; sourceTree = "<group>"; };
		A10000020000000000000031 /* WalkerCharacterTypes.swift */ = {isa = PBXFileReference; lastKnownFileType = sourcecode.swift; path = WalkerCharacterTypes.swift; sourceTree = "<group>"; };
		A10000020000000000000032 /* WalkerCharacterCore.swift */ = {isa = PBXFileReference; lastKnownFileType = sourcecode.swift; path = WalkerCharacterCore.swift; sourceTree = "<group>"; };
		A10000020000000000000033 /* WalkerCharacterPopover.swift */ = {isa = PBXFileReference; lastKnownFileType = sourcecode.swift; path = WalkerCharacterPopover.swift; sourceTree = "<group>"; };
		A10000020000000000000034 /* WalkerCharacterVisuals.swift */ = {isa = PBXFileReference; lastKnownFileType = sourcecode.swift; path = WalkerCharacterVisuals.swift; sourceTree = "<group>"; };
		A10000020000000000000035 /* WalkerCharacterMovement.swift */ = {isa = PBXFileReference; lastKnownFileType = sourcecode.swift; path = WalkerCharacterMovement.swift; sourceTree = "<group>"; };
		A10000020000000000000036 /* ClaudeSessionModels.swift */ = {isa = PBXFileReference; lastKnownFileType = sourcecode.swift; path = ClaudeSessionModels.swift; sourceTree = "<group>"; };
		A10000020000000000000037 /* ClaudeSessionState.swift */ = {isa = PBXFileReference; lastKnownFileType = sourcecode.swift; path = ClaudeSessionState.swift; sourceTree = "<group>"; };
		A10000020000000000000038 /* ClaudeSessionExpertResolution.swift */ = {isa = PBXFileReference; lastKnownFileType = sourcecode.swift; path = ClaudeSessionExpertResolution.swift; sourceTree = "<group>"; };
		A10000020000000000000039 /* ClaudeSessionTransport.swift */ = {isa = PBXFileReference; lastKnownFileType = sourcecode.swift; path = ClaudeSessionTransport.swift; sourceTree = "<group>"; };
		A10000020000000000000040 /* AppSettings.swift */ = {isa = PBXFileReference; lastKnownFileType = sourcecode.swift; path = AppSettings.swift; sourceTree = "<group>"; };
		A10000020000000000000041 /* SettingsView.swift */ = {isa = PBXFileReference; lastKnownFileType = sourcecode.swift; path = SettingsView.swift; sourceTree = "<group>"; };
		A10000020000000000000042 /* LocalArchive.swift */ = {isa = PBXFileReference; lastKnownFileType = sourcecode.swift; path = LocalArchive.swift; sourceTree = "<group>"; };
		A10000020000000000000043 /* StarterArchive */ = {isa = PBXFileReference; lastKnownFileType = folder; path = StarterArchive; sourceTree = "<group>"; };
		A10000020000000000000044 /* SessionDebugLogger.swift */ = {isa = PBXFileReference; lastKnownFileType = sourcecode.swift; path = SessionDebugLogger.swift; sourceTree = "<group>"; };
		A10000020000000000000045 /* ClaudeSessionBackend.swift */ = {isa = PBXFileReference; lastKnownFileType = sourcecode.swift; path = ClaudeSessionBackend.swift; sourceTree = "<group>"; };
		A10000020000000000000046 /* ClaudeSessionCLI.swift */ = {isa = PBXFileReference; lastKnownFileType = sourcecode.swift; path = ClaudeSessionCLI.swift; sourceTree = "<group>"; };
		A10000020000000000000047 /* ClaudeSessionCLIParsing.swift */ = {isa = PBXFileReference; lastKnownFileType = sourcecode.swift; path = ClaudeSessionCLIParsing.swift; sourceTree = "<group>"; };
		A10000020000000000000048 /* ClaudeSessionExpertCatalog.swift */ = {isa = PBXFileReference; lastKnownFileType = sourcecode.swift; path = ClaudeSessionExpertCatalog.swift; sourceTree = "<group>"; };
		A10000020000000000000049 /* ClaudeSessionExpertTextResolution.swift */ = {isa = PBXFileReference; lastKnownFileType = sourcecode.swift; path = ClaudeSessionExpertTextResolution.swift; sourceTree = "<group>"; };
		A10000020000000000000050 /* ClaudeSessionOpenAI.swift */ = {isa = PBXFileReference; lastKnownFileType = sourcecode.swift; path = ClaudeSessionOpenAI.swift; sourceTree = "<group>"; };
		A10000020000000000000052 /* ClaudeSessionSupport.swift */ = {isa = PBXFileReference; lastKnownFileType = sourcecode.swift; path = ClaudeSessionSupport.swift; sourceTree = "<group>"; };
		A10000020000000000000053 /* TerminalView+Panels.swift */ = {isa = PBXFileReference; lastKnownFileType = sourcecode.swift; path = "TerminalView+Panels.swift"; sourceTree = "<group>"; };
		A10000020000000000000054 /* TerminalViewLayout.swift */ = {isa = PBXFileReference; lastKnownFileType = sourcecode.swift; path = TerminalViewLayout.swift; sourceTree = "<group>"; };
		A10000020000000000000055 /* WalkerCharacterBubble.swift */ = {isa = PBXFileReference; lastKnownFileType = sourcecode.swift; path = WalkerCharacterBubble.swift; sourceTree = "<group>"; };
		A10000020000000000000056 /* WalkerCharacterExpertTag.swift */ = {isa = PBXFileReference; lastKnownFileType = sourcecode.swift; path = WalkerCharacterExpertTag.swift; sourceTree = "<group>"; };
		A10000020000000000000057 /* WalkerCharacterPopoverWindow.swift */ = {isa = PBXFileReference; lastKnownFileType = sourcecode.swift; path = WalkerCharacterPopoverWindow.swift; sourceTree = "<group>"; };
		A10000020000000000000058 /* WalkerCharacterSessionWiring.swift */ = {isa = PBXFileReference; lastKnownFileType = sourcecode.swift; path = WalkerCharacterSessionWiring.swift; sourceTree = "<group>"; };
		A10000020000000000000061 /* MCPConnectionCards.swift */ = {isa = PBXFileReference; lastKnownFileType = sourcecode.swift; path = MCPConnectionCards.swift; sourceTree = "<group>"; };
		A10000020000000000000062 /* SettingsComponents.swift */ = {isa = PBXFileReference; lastKnownFileType = sourcecode.swift; path = SettingsComponents.swift; sourceTree = "<group>"; };
		A10000020000000000000063 /* SettingsView+SourcePane.swift */ = {isa = PBXFileReference; lastKnownFileType = sourcecode.swift; path = "SettingsView+SourcePane.swift"; sourceTree = "<group>"; };
		A10000020000000000000064 /* SettingsView+ModelsPane.swift */ = {isa = PBXFileReference; lastKnownFileType = sourcecode.swift; path = "SettingsView+ModelsPane.swift"; sourceTree = "<group>"; };
		A10000020000000000000065 /* ClaudeSessionCLIParsing+ToolDisplay.swift */ = {isa = PBXFileReference; lastKnownFileType = sourcecode.swift; path = "ClaudeSessionCLIParsing+ToolDisplay.swift"; sourceTree = "<group>"; };
		A10000020000000000000066 /* HoverButton.swift */ = {isa = PBXFileReference; lastKnownFileType = sourcecode.swift; path = HoverButton.swift; sourceTree = "<group>"; };
		A10000020000000000000067 /* TerminalView+WelcomePanel.swift */ = {isa = PBXFileReference; lastKnownFileType = sourcecode.swift; path = "TerminalView+WelcomePanel.swift"; sourceTree = "<group>"; };
		A10000020000000000000068 /* TerminalView+LiveStatus.swift */ = {isa = PBXFileReference; lastKnownFileType = sourcecode.swift; path = "TerminalView+LiveStatus.swift"; sourceTree = "<group>"; };
		A10000020000000000000069 /* ClaudeSessionOfficialArchive.swift */ = {isa = PBXFileReference; lastKnownFileType = sourcecode.swift; path = ClaudeSessionOfficialArchive.swift; sourceTree = "<group>"; };
		A10000020000000000000070 /* LennyArchiveClient.swift */ = {isa = PBXFileReference; lastKnownFileType = sourcecode.swift; path = LennyArchiveClient.swift; sourceTree = "<group>"; };
		A10000020000000000000071 /* ClaudeSessionGitHubFetch.swift */ = {isa = PBXFileReference; lastKnownFileType = sourcecode.swift; path = ClaudeSessionGitHubFetch.swift; sourceTree = "<group>"; };
		A10000020000000000000072 /* AppSettings+Detection.swift */ = {isa = PBXFileReference; lastKnownFileType = sourcecode.swift; path = "AppSettings+Detection.swift"; sourceTree = "<group>"; };
		A10000020000000000000073 /* AppSettings+MCPConfig.swift */ = {isa = PBXFileReference; lastKnownFileType = sourcecode.swift; path = "AppSettings+MCPConfig.swift"; sourceTree = "<group>"; };
		A10000020000000000000074 /* AppSettings+MCPInstaller.swift */ = {isa = PBXFileReference; lastKnownFileType = sourcecode.swift; path = "AppSettings+MCPInstaller.swift"; sourceTree = "<group>"; };
		A10000020000000000000075 /* ClaudeSessionTransport+Archive.swift */ = {isa = PBXFileReference; lastKnownFileType = sourcecode.swift; path = "ClaudeSessionTransport+Archive.swift"; sourceTree = "<group>"; };
		A10000020000000000000076 /* ClaudeSessionTransport+Diagnostics.swift */ = {isa = PBXFileReference; lastKnownFileType = sourcecode.swift; path = "ClaudeSessionTransport+Diagnostics.swift"; sourceTree = "<group>"; };
		A10000020000000000000077 /* MCPConnectionCards+OfficialMCP.swift */ = {isa = PBXFileReference; lastKnownFileType = sourcecode.swift; path = "MCPConnectionCards+OfficialMCP.swift"; sourceTree = "<group>"; };
		A10000030000000000000001 /* Lil-Lenny.app */ = {isa = PBXFileReference; explicitFileType = wrapper.application; includeInIndex = 0; path = "Tiny Ellie.app"; sourceTree = BUILT_PRODUCTS_DIR; };
		A10000120000000000000001 /* CharacterSprites */ = {isa = PBXFileReference; lastKnownFileType = folder; path = CharacterSprites; sourceTree = "<group>"; };
		A10000120000000000000002 /* ExpertAvatars */ = {isa = PBXFileReference; lastKnownFileType = folder; path = ExpertAvatars; sourceTree = "<group>"; };
		A10000120000000000000003 /* fall-smoke-dust.lottie */ = {isa = PBXFileReference; lastKnownFileType = file; path = "fall-smoke-dust.lottie"; sourceTree = "<group>"; };
		A10000120000000000000004 /* fall-smoke-dust.json */ = {isa = PBXFileReference; lastKnownFileType = text.json; path = "fall-smoke-dust.json"; sourceTree = "<group>"; };
		A2004BEEE2C94167A8B29DB6 /* TerminalMarkdownRenderer+Formatting.swift */ = {isa = PBXFileReference; lastKnownFileType = sourcecode.swift; path = "TerminalMarkdownRenderer+Formatting.swift"; sourceTree = "<group>"; };
		AC0815D0269047FF9812F195 /* ClaudeSessionAttachmentModels.swift */ = {isa = PBXFileReference; lastKnownFileType = sourcecode.swift; path = ClaudeSessionAttachmentModels.swift; sourceTree = "<group>"; };
		B6E1D829BD5F45BE93DC108D /* TerminalView+TranscriptBubbleText.swift */ = {isa = PBXFileReference; lastKnownFileType = sourcecode.swift; path = "TerminalView+TranscriptBubbleText.swift"; sourceTree = "<group>"; };
		B97C5AEED2944E54BCB1A99A /* AvatarImageUtilities.swift */ = {isa = PBXFileReference; lastKnownFileType = sourcecode.swift; path = AvatarImageUtilities.swift; sourceTree = "<group>"; };
		BAAA8DD4462743869A46526E /* ClaudeSessionCLIParsing+Stdout.swift */ = {isa = PBXFileReference; lastKnownFileType = sourcecode.swift; path = "ClaudeSessionCLIParsing+Stdout.swift"; sourceTree = "<group>"; };
		C98E81F03EBD48908267BBEF /* ClaudeSessionCLIParsing+Structured.swift */ = {isa = PBXFileReference; lastKnownFileType = sourcecode.swift; path = "ClaudeSessionCLIParsing+Structured.swift"; sourceTree = "<group>"; };
		E6147B37CFB04148BFA41599 /* TerminalView+TranscriptSupport.swift */ = {isa = PBXFileReference; lastKnownFileType = sourcecode.swift; path = "TerminalView+TranscriptSupport.swift"; sourceTree = "<group>"; };
		F17C00560192470995924D41 /* TerminalView+TranscriptAccessoryViews.swift */ = {isa = PBXFileReference; lastKnownFileType = sourcecode.swift; path = "TerminalView+TranscriptAccessoryViews.swift"; sourceTree = "<group>"; };
		F57B574712DA4013BC6E6D5E /* TerminalView+AttachmentsParsing.swift */ = {isa = PBXFileReference; lastKnownFileType = sourcecode.swift; path = "TerminalView+AttachmentsParsing.swift"; sourceTree = "<group>"; };
		F7A0C2A99D5941F1B950A8A1 /* GuestTitles.swift */ = {isa = PBXFileReference; lastKnownFileType = sourcecode.swift; path = GuestTitles.swift; sourceTree = "<group>"; };
/* End PBXFileReference section */

/* Begin PBXFrameworksBuildPhase section */
		A10000040000000000000001 /* Frameworks */ = {
			isa = PBXFrameworksBuildPhase;
			buildActionMask = 2147483647;
			files = (
				922A33A52F812E09008BF92C /* Sparkle in Frameworks */,
				922A33A92F812F19008BF92C /* Lottie in Frameworks */,
			);
			runOnlyForDeploymentPostprocessing = 0;
		};
/* End PBXFrameworksBuildPhase section */

/* Begin PBXGroup section */
		922A33A32F812E09008BF92C /* Frameworks */ = {
			isa = PBXGroup;
			children = (
			);
			name = Frameworks;
			sourceTree = "<group>";
		};
		A10000050000000000000001 = {
			isa = PBXGroup;
			children = (
				A10000050000000000000002 /* LilAgents */,
				922A33A32F812E09008BF92C /* Frameworks */,
				A10000050000000000000003 /* Products */,
			);
			sourceTree = "<group>";
		};
		A10000050000000000000002 /* LilAgents */ = {
			isa = PBXGroup;
			children = (
				A10000060000000000000010 /* App */,
				A10000060000000000000011 /* Session */,
				A10000060000000000000012 /* Character */,
				A10000060000000000000013 /* Terminal */,
				A10000060000000000000014 /* Support */,
				A10000020000000000000007 /* Assets.xcassets */,
				A10000020000000000000010 /* Sounds */,
				A10000120000000000000001 /* CharacterSprites */,
				A10000120000000000000002 /* ExpertAvatars */,
				A10000120000000000000003 /* fall-smoke-dust.lottie */,
				A10000120000000000000004 /* fall-smoke-dust.json */,
				A10000020000000000000043 /* StarterArchive */,
				A10000020000000000000003 /* Info.plist */,
				A10000020000000000000004 /* LilAgents.entitlements */,
			);
			path = LilAgents;
			sourceTree = "<group>";
		};
		A10000050000000000000003 /* Products */ = {
			isa = PBXGroup;
			children = (
				A10000030000000000000001 /* Lil-Lenny.app */,
			);
			name = Products;
			sourceTree = "<group>";
		};
		A10000060000000000000010 /* App */ = {
			isa = PBXGroup;
			children = (
				A10000020000000000000001 /* LilAgentsApp.swift */,
				1DE77FA6D7384588B124A5E7 /* LilAgentsApp+MenuBar.swift */,
				A10000020000000000000025 /* LilAgentsController.swift */,
				A10000020000000000000040 /* AppSettings.swift */,
				A10000020000000000000072 /* AppSettings+Detection.swift */,
				A10000020000000000000073 /* AppSettings+MCPConfig.swift */,
				A10000020000000000000074 /* AppSettings+MCPInstaller.swift */,
				A10000020000000000000041 /* SettingsView.swift */,
				A10000020000000000000062 /* SettingsComponents.swift */,
				A10000020000000000000063 /* SettingsView+SourcePane.swift */,
				A10000020000000000000064 /* SettingsView+ModelsPane.swift */,
			);
			path = App;
			sourceTree = "<group>";
		};
		A10000060000000000000011 /* Session */ = {
			isa = PBXGroup;
			children = (
				A10000020000000000000022 /* ClaudeSession.swift */,
				A10000020000000000000036 /* ClaudeSessionModels.swift */,
				AC0815D0269047FF9812F195 /* ClaudeSessionAttachmentModels.swift */,
				A10000020000000000000037 /* ClaudeSessionState.swift */,
				A10000020000000000000045 /* ClaudeSessionBackend.swift */,
				A10000020000000000000039 /* ClaudeSessionTransport.swift */,
				A10000020000000000000075 /* ClaudeSessionTransport+Archive.swift */,
				A10000020000000000000076 /* ClaudeSessionTransport+Diagnostics.swift */,
				A10000020000000000000069 /* ClaudeSessionOfficialArchive.swift */,
				A10000020000000000000046 /* ClaudeSessionCLI.swift */,
				A10000020000000000000047 /* ClaudeSessionCLIParsing.swift */,
				BAAA8DD4462743869A46526E /* ClaudeSessionCLIParsing+Stdout.swift */,
				A10000020000000000000065 /* ClaudeSessionCLIParsing+ToolDisplay.swift */,
				C98E81F03EBD48908267BBEF /* ClaudeSessionCLIParsing+Structured.swift */,
				F7A0C2A99D5941F1B950A8A1 /* GuestTitles.swift */,
				2AD260B3BA9C4BCF90E35E5E /* ClaudeSessionCLIParsing+ValueExtraction.swift */,
				A10000020000000000000050 /* ClaudeSessionOpenAI.swift */,
				A10000020000000000000038 /* ClaudeSessionExpertResolution.swift */,
				A10000020000000000000048 /* ClaudeSessionExpertCatalog.swift */,
				A10000020000000000000049 /* ClaudeSessionExpertTextResolution.swift */,
				A10000020000000000000052 /* ClaudeSessionSupport.swift */,
				A10000020000000000000070 /* LennyArchiveClient.swift */,
				A10000020000000000000071 /* ClaudeSessionGitHubFetch.swift */,
				A10000020000000000000042 /* LocalArchive.swift */,
				A10000020000000000000044 /* SessionDebugLogger.swift */,
			);
			path = Session;
			sourceTree = "<group>";
		};
		A10000060000000000000012 /* Character */ = {
			isa = PBXGroup;
			children = (
				A10000020000000000000024 /* WalkerCharacter.swift */,
				A10000020000000000000031 /* WalkerCharacterTypes.swift */,
				A10000020000000000000032 /* WalkerCharacterCore.swift */,
				A10000020000000000000034 /* WalkerCharacterVisuals.swift */,
				A10000020000000000000035 /* WalkerCharacterMovement.swift */,
				A10000020000000000000055 /* WalkerCharacterBubble.swift */,
				A10000020000000000000056 /* WalkerCharacterExpertTag.swift */,
				A10000020000000000000033 /* WalkerCharacterPopover.swift */,
				A10000020000000000000057 /* WalkerCharacterPopoverWindow.swift */,
				A10000020000000000000058 /* WalkerCharacterSessionWiring.swift */,
				9B5B7C6D4F4E4B11A1D2C3E5 /* WalkerCharacterSessionWiring+Formatting.swift */,
			);
			path = Character;
			sourceTree = "<group>";
		};
		A10000060000000000000013 /* Terminal */ = {
			isa = PBXGroup;
			children = (
				A10000020000000000000023 /* TerminalView.swift */,
				A10000020000000000000027 /* TerminalView+Setup.swift */,
				A10000020000000000000053 /* TerminalView+Panels.swift */,
				A10000020000000000000067 /* TerminalView+WelcomePanel.swift */,
				A10000020000000000000068 /* TerminalView+LiveStatus.swift */,
				A10000020000000000000029 /* TerminalView+Attachments.swift */,
				F57B574712DA4013BC6E6D5E /* TerminalView+AttachmentsParsing.swift */,
				0A58238166CD4823820011F5 /* TerminalView+SetupActions.swift */,
				E6147B37CFB04148BFA41599 /* TerminalView+TranscriptSupport.swift */,
				60D199B93FB44171854B772E /* TerminalView+TranscriptSuggestions.swift */,
				64CF291C594F4C8A9539291A /* TerminalView+TranscriptBubble.swift */,
				B6E1D829BD5F45BE93DC108D /* TerminalView+TranscriptBubbleText.swift */,
				F17C00560192470995924D41 /* TerminalView+TranscriptAccessoryViews.swift */,
				31BFF3306DFF4EEC97D297BF /* TerminalView+TranscriptBehavior.swift */,
				A10000020000000000000054 /* TerminalViewLayout.swift */,
				A10000020000000000000030 /* TerminalMarkdownRenderer.swift */,
				A2004BEEE2C94167A8B29DB6 /* TerminalMarkdownRenderer+Formatting.swift */,
				6250668D17C04A23B71786AC /* TerminalMarkdownRenderer+Parsing.swift */,
				A10000020000000000000026 /* PaddedTextFieldCell.swift */,
				A10000020000000000000066 /* HoverButton.swift */,
				A10000020000000000000061 /* MCPConnectionCards.swift */,
				A10000020000000000000077 /* MCPConnectionCards+OfficialMCP.swift */,
			);
			path = Terminal;
			sourceTree = "<group>";
		};
		A10000060000000000000014 /* Support */ = {
			isa = PBXGroup;
			children = (
				A10000020000000000000020 /* PopoverTheme.swift */,
				B97C5AEED2944E54BCB1A99A /* AvatarImageUtilities.swift */,
				A10000020000000000000021 /* CharacterContentView.swift */,
			);
			path = Support;
			sourceTree = "<group>";
		};
/* End PBXGroup section */

/* Begin PBXNativeTarget section */
		A10000060000000000000001 /* LilAgents */ = {
			isa = PBXNativeTarget;
			buildConfigurationList = A10000080000000000000001 /* Build configuration list for PBXNativeTarget "LilAgents" */;
			buildPhases = (
				A10000070000000000000001 /* Sources */,
				A10000040000000000000001 /* Frameworks */,
				A10000070000000000000002 /* Resources */,
			);
			buildRules = (
			);
			dependencies = (
			);
			name = LilAgents;
			packageProductDependencies = (
				922A33A42F812E09008BF92C /* Sparkle */,
				922A33A82F812F19008BF92C /* Lottie */,
			);
			productName = LilAgents;
			productReference = A10000030000000000000001 /* Lil-Lenny.app */;
			productType = "com.apple.product-type.application";
		};
/* End PBXNativeTarget section */

/* Begin PBXProject section */
		A10000090000000000000001 /* Project object */ = {
			isa = PBXProject;
			attributes = {
				BuildIndependentTargetsInParallel = 1;
				LastSwiftUpdateCheck = 1500;
				LastUpgradeCheck = 2620;
				TargetAttributes = {
					A10000060000000000000001 = {
						CreatedOnToolsVersion = 15.0;
					};
				};
			};
			buildConfigurationList = A10000080000000000000002 /* Build configuration list for PBXProject "lil-agents" */;
			compatibilityVersion = "Xcode 14.0";
			developmentRegion = en;
			hasScannedForEncodings = 0;
			knownRegions = (
				en,
				Base,
			);
			mainGroup = A10000050000000000000001;
			packageReferences = (
				929E60C22F748E3E003EA359 /* XCRemoteSwiftPackageReference "Sparkle" */,
				92AFCDB12F805B6D002E07B5 /* XCRemoteSwiftPackageReference "SettingsKit-macOS" */,
				922A33A62F812E36008BF92C /* XCRemoteSwiftPackageReference "lottie-spm" */,
			);
			productRefGroup = A10000050000000000000003 /* Products */;
			projectDirPath = "";
			projectRoot = "";
			targets = (
				A10000060000000000000001 /* LilAgents */,
			);
		};
/* End PBXProject section */

/* Begin PBXResourcesBuildPhase section */
		A10000070000000000000002 /* Resources */ = {
			isa = PBXResourcesBuildPhase;
			buildActionMask = 2147483647;
			files = (
				A10000010000000000000005 /* Assets.xcassets in Resources */,
				A10000010000000000000010 /* Sounds in Resources */,
				A10000110000000000000001 /* CharacterSprites in Resources */,
				A10000110000000000000002 /* ExpertAvatars in Resources */,
				A10000110000000000000003 /* fall-smoke-dust.lottie in Resources */,
				A10000110000000000000004 /* fall-smoke-dust.json in Resources */,
				A10000010000000000000043 /* StarterArchive in Resources */,
			);
			runOnlyForDeploymentPostprocessing = 0;
		};
/* End PBXResourcesBuildPhase section */

/* Begin PBXSourcesBuildPhase section */
		A10000070000000000000001 /* Sources */ = {
			isa = PBXSourcesBuildPhase;
			buildActionMask = 2147483647;
			files = (
				A10000010000000000000001 /* LilAgentsApp.swift in Sources */,
				BE61A7DFB8334AA396E94A7D /* LilAgentsApp+MenuBar.swift in Sources */,
				D8A23CFBC5234439AA8244A7 /* AvatarImageUtilities.swift in Sources */,
				A10000010000000000000020 /* PopoverTheme.swift in Sources */,
				A10000010000000000000021 /* CharacterContentView.swift in Sources */,
				A10000010000000000000022 /* ClaudeSession.swift in Sources */,
				E25DDE8424DF4E209F62E6B3 /* ClaudeSessionAttachmentModels.swift in Sources */,
				A10000010000000000000045 /* ClaudeSessionBackend.swift in Sources */,
				A10000010000000000000046 /* ClaudeSessionCLI.swift in Sources */,
				F6C51614C7964C2EA992F899 /* ClaudeSessionCLIParsing+Structured.swift in Sources */,
				F7A0C2AA9D5941F1B950A8A1 /* GuestTitles.swift in Sources */,
				B79886ADD52D409490EA159A /* ClaudeSessionCLIParsing+Stdout.swift in Sources */,
				7DBAF4A3C7864585A79E6EF2 /* ClaudeSessionCLIParsing+ValueExtraction.swift in Sources */,
				A10000010000000000000047 /* ClaudeSessionCLIParsing.swift in Sources */,
				A10000010000000000000036 /* ClaudeSessionModels.swift in Sources */,
				A10000010000000000000037 /* ClaudeSessionState.swift in Sources */,
				A10000010000000000000048 /* ClaudeSessionExpertCatalog.swift in Sources */,
				A10000010000000000000038 /* ClaudeSessionExpertResolution.swift in Sources */,
				A10000010000000000000049 /* ClaudeSessionExpertTextResolution.swift in Sources */,
				A10000010000000000000069 /* ClaudeSessionOfficialArchive.swift in Sources */,
				A10000010000000000000050 /* ClaudeSessionOpenAI.swift in Sources */,
				A10000010000000000000070 /* LennyArchiveClient.swift in Sources */,
				A10000010000000000000071 /* ClaudeSessionGitHubFetch.swift in Sources */,
				A10000010000000000000052 /* ClaudeSessionSupport.swift in Sources */,
				A10000010000000000000039 /* ClaudeSessionTransport.swift in Sources */,
				A10000010000000000000075 /* ClaudeSessionTransport+Archive.swift in Sources */,
				A10000010000000000000076 /* ClaudeSessionTransport+Diagnostics.swift in Sources */,
				A10000010000000000000040 /* AppSettings.swift in Sources */,
				A10000010000000000000072 /* AppSettings+Detection.swift in Sources */,
				A10000010000000000000073 /* AppSettings+MCPConfig.swift in Sources */,
				A10000010000000000000074 /* AppSettings+MCPInstaller.swift in Sources */,
				A10000010000000000000041 /* SettingsView.swift in Sources */,
				A10000010000000000000042 /* LocalArchive.swift in Sources */,
				A10000010000000000000044 /* SessionDebugLogger.swift in Sources */,
				A10000010000000000000023 /* TerminalView.swift in Sources */,
				A10000010000000000000026 /* PaddedTextFieldCell.swift in Sources */,
				A10000010000000000000054 /* TerminalViewLayout.swift in Sources */,
				A10000010000000000000053 /* TerminalView+Panels.swift in Sources */,
				A10000010000000000000027 /* TerminalView+Setup.swift in Sources */,
				A10000010000000000000029 /* TerminalView+Attachments.swift in Sources */,
				DE03A9314A424E6E8BEC2B02 /* TerminalView+AttachmentsParsing.swift in Sources */,
				7DF970370B8446F3B824C07C /* TerminalView+SetupActions.swift in Sources */,
				B67657262565478489452A02 /* TerminalView+TranscriptSupport.swift in Sources */,
				528CDB77E7D14B45A53268FB /* TerminalView+TranscriptSuggestions.swift in Sources */,
				1294D7519C2B4472B8CCE236 /* TerminalView+TranscriptBubble.swift in Sources */,
				DFBB600C64A445B09FA49BC4 /* TerminalView+TranscriptBubbleText.swift in Sources */,
				D799D5C77D4A4FE6B64212AC /* TerminalView+TranscriptAccessoryViews.swift in Sources */,
				051051E134E04AD1868E7F4C /* TerminalView+TranscriptBehavior.swift in Sources */,
				A10000010000000000000030 /* TerminalMarkdownRenderer.swift in Sources */,
				57A72875AC1342AABD881B60 /* TerminalMarkdownRenderer+Formatting.swift in Sources */,
				3B4B035D86A547AC8198ECD8 /* TerminalMarkdownRenderer+Parsing.swift in Sources */,
				A10000010000000000000024 /* WalkerCharacter.swift in Sources */,
				A10000010000000000000031 /* WalkerCharacterTypes.swift in Sources */,
				A10000010000000000000032 /* WalkerCharacterCore.swift in Sources */,
				A10000010000000000000055 /* WalkerCharacterBubble.swift in Sources */,
				A10000010000000000000056 /* WalkerCharacterExpertTag.swift in Sources */,
				A10000010000000000000033 /* WalkerCharacterPopover.swift in Sources */,
				A10000010000000000000057 /* WalkerCharacterPopoverWindow.swift in Sources */,
				A10000010000000000000058 /* WalkerCharacterSessionWiring.swift in Sources */,
				9B5B7C6D4F4E4B11A1D2C3E4 /* WalkerCharacterSessionWiring+Formatting.swift in Sources */,
				A10000010000000000000034 /* WalkerCharacterVisuals.swift in Sources */,
				A10000010000000000000035 /* WalkerCharacterMovement.swift in Sources */,
				A10000010000000000000025 /* LilAgentsController.swift in Sources */,
				A10000010000000000000061 /* MCPConnectionCards.swift in Sources */,
				A10000010000000000000077 /* MCPConnectionCards+OfficialMCP.swift in Sources */,
				A10000010000000000000062 /* SettingsComponents.swift in Sources */,
				A10000010000000000000063 /* SettingsView+SourcePane.swift in Sources */,
				A10000010000000000000064 /* SettingsView+ModelsPane.swift in Sources */,
				A10000010000000000000065 /* ClaudeSessionCLIParsing+ToolDisplay.swift in Sources */,
				A10000010000000000000066 /* HoverButton.swift in Sources */,
				A10000010000000000000067 /* TerminalView+WelcomePanel.swift in Sources */,
				A10000010000000000000068 /* TerminalView+LiveStatus.swift in Sources */,
			);
			runOnlyForDeploymentPostprocessing = 0;
		};
/* End PBXSourcesBuildPhase section */

/* Begin XCBuildConfiguration section */
		A1000000A000000000000001 /* Debug */ = {
			isa = XCBuildConfiguration;
			buildSettings = {
				ALWAYS_SEARCH_USER_PATHS = NO;
				ASSETCATALOG_COMPILER_GENERATE_SWIFT_ASSET_SYMBOL_EXTENSIONS = YES;
				CLANG_ANALYZER_NONNULL = YES;
				CLANG_CXX_LANGUAGE_STANDARD = "gnu++20";
				CLANG_ENABLE_MODULES = YES;
				CLANG_ENABLE_OBJC_ARC = YES;
				CLANG_WARN_BLOCK_CAPTURE_AUTORELEASING = YES;
				CLANG_WARN_BOOL_CONVERSION = YES;
				CLANG_WARN_COMMA = YES;
				CLANG_WARN_CONSTANT_CONVERSION = YES;
				CLANG_WARN_DEPRECATED_OBJC_IMPLEMENTATIONS = YES;
				CLANG_WARN_EMPTY_BODY = YES;
				CLANG_WARN_ENUM_CONVERSION = YES;
				CLANG_WARN_INFINITE_RECURSION = YES;
				CLANG_WARN_INT_CONVERSION = YES;
				CLANG_WARN_NON_LITERAL_NULL_CONVERSION = YES;
				CLANG_WARN_OBJC_IMPLICIT_RETAIN_SELF = YES;
				CLANG_WARN_OBJC_LITERAL_CONVERSION = YES;
				CLANG_WARN_QUOTED_INCLUDE_IN_FRAMEWORK_HEADER = YES;
				CLANG_WARN_RANGE_LOOP_ANALYSIS = YES;
				CLANG_WARN_STRICT_PROTOTYPES = YES;
				CLANG_WARN_SUSPICIOUS_MOVE = YES;
				CLANG_WARN_UNREACHABLE_CODE = YES;
				CLANG_WARN__DUPLICATE_METHOD_MATCH = YES;
				COPY_PHASE_STRIP = NO;
				DEAD_CODE_STRIPPING = YES;
				DEBUG_INFORMATION_FORMAT = dwarf;
				ENABLE_STRICT_OBJC_MSGSEND = YES;
				ENABLE_TESTABILITY = YES;
				ENABLE_USER_SCRIPT_SANDBOXING = YES;
				GCC_DYNAMIC_NO_PIC = NO;
				GCC_NO_COMMON_BLOCKS = YES;
				GCC_OPTIMIZATION_LEVEL = 0;
				GCC_PREPROCESSOR_DEFINITIONS = (
					"DEBUG=1",
					"$(inherited)",
				);
				GCC_WARN_64_TO_32_BIT_CONVERSION = YES;
				GCC_WARN_ABOUT_RETURN_TYPE = YES_ERROR;
				GCC_WARN_UNDECLARED_SELECTOR = YES;
				GCC_WARN_UNINITIALIZED_AUTOS = YES_AGGRESSIVE;
				GCC_WARN_UNUSED_FUNCTION = YES;
				GCC_WARN_UNUSED_VARIABLE = YES;
				MACOSX_DEPLOYMENT_TARGET = 14.0;
				MTL_ENABLE_DEBUG_INFO = INCLUDE_SOURCE;
				ONLY_ACTIVE_ARCH = YES;
				SDKROOT = macosx;
				STRING_CATALOG_GENERATE_SYMBOLS = YES;
				SWIFT_ACTIVE_COMPILATION_CONDITIONS = "DEBUG $(inherited)";
				SWIFT_OPTIMIZATION_LEVEL = "-Onone";
			};
			name = Debug;
		};
		A1000000A000000000000002 /* Release */ = {
			isa = XCBuildConfiguration;
			buildSettings = {
				ALWAYS_SEARCH_USER_PATHS = NO;
				ASSETCATALOG_COMPILER_GENERATE_SWIFT_ASSET_SYMBOL_EXTENSIONS = YES;
				CLANG_ANALYZER_NONNULL = YES;
				CLANG_CXX_LANGUAGE_STANDARD = "gnu++20";
				CLANG_ENABLE_MODULES = YES;
				CLANG_ENABLE_OBJC_ARC = YES;
				CLANG_WARN_BLOCK_CAPTURE_AUTORELEASING = YES;
				CLANG_WARN_BOOL_CONVERSION = YES;
				CLANG_WARN_COMMA = YES;
				CLANG_WARN_CONSTANT_CONVERSION = YES;
				CLANG_WARN_DEPRECATED_OBJC_IMPLEMENTATIONS = YES;
				CLANG_WARN_EMPTY_BODY = YES;
				CLANG_WARN_ENUM_CONVERSION = YES;
				CLANG_WARN_INFINITE_RECURSION = YES;
				CLANG_WARN_INT_CONVERSION = YES;
				CLANG_WARN_NON_LITERAL_NULL_CONVERSION = YES;
				CLANG_WARN_OBJC_IMPLICIT_RETAIN_SELF = YES;
				CLANG_WARN_OBJC_LITERAL_CONVERSION = YES;
				CLANG_WARN_QUOTED_INCLUDE_IN_FRAMEWORK_HEADER = YES;
				CLANG_WARN_RANGE_LOOP_ANALYSIS = YES;
				CLANG_WARN_STRICT_PROTOTYPES = YES;
				CLANG_WARN_SUSPICIOUS_MOVE = YES;
				CLANG_WARN_UNREACHABLE_CODE = YES;
				CLANG_WARN__DUPLICATE_METHOD_MATCH = YES;
				COPY_PHASE_STRIP = NO;
				DEAD_CODE_STRIPPING = YES;
				DEBUG_INFORMATION_FORMAT = "dwarf-with-dsym";
				ENABLE_NS_ASSERTIONS = NO;
				ENABLE_STRICT_OBJC_MSGSEND = YES;
				ENABLE_USER_SCRIPT_SANDBOXING = YES;
				GCC_NO_COMMON_BLOCKS = YES;
				GCC_WARN_64_TO_32_BIT_CONVERSION = YES;
				GCC_WARN_ABOUT_RETURN_TYPE = YES_ERROR;
				GCC_WARN_UNDECLARED_SELECTOR = YES;
				GCC_WARN_UNINITIALIZED_AUTOS = YES_AGGRESSIVE;
				GCC_WARN_UNUSED_FUNCTION = YES;
				GCC_WARN_UNUSED_VARIABLE = YES;
				MACOSX_DEPLOYMENT_TARGET = 14.0;
				MTL_ENABLE_DEBUG_INFO = NO;
				SDKROOT = macosx;
				STRING_CATALOG_GENERATE_SYMBOLS = YES;
				SWIFT_COMPILATION_MODE = wholemodule;
			};
			name = Release;
		};
		A1000000A000000000000003 /* Debug */ = {
			isa = XCBuildConfiguration;
			buildSettings = {
				ASSETCATALOG_COMPILER_APPICON_NAME = AppIcon;
				AUTOMATION_APPLE_EVENTS = NO;
				CODE_SIGN_ENTITLEMENTS = LilAgents/LilAgents.entitlements;
				CODE_SIGN_STYLE = Automatic;
				COMBINE_HIDPI_IMAGES = YES;
				CURRENT_PROJECT_VERSION = 2;
				DEAD_CODE_STRIPPING = YES;
				DEVELOPMENT_TEAM = 64KKU33NVH;
				ENABLE_HARDENED_RUNTIME = YES;
				ENABLE_RESOURCE_ACCESS_AUDIO_INPUT = NO;
				ENABLE_RESOURCE_ACCESS_CALENDARS = NO;
				ENABLE_RESOURCE_ACCESS_CAMERA = NO;
				ENABLE_RESOURCE_ACCESS_CONTACTS = NO;
				ENABLE_RESOURCE_ACCESS_LOCATION = NO;
				ENABLE_RESOURCE_ACCESS_PHOTO_LIBRARY = NO;
				GENERATE_INFOPLIST_FILE = YES;
				INFOPLIST_FILE = LilAgents/Info.plist;
				INFOPLIST_KEY_CFBundleDisplayName = "Tiny Ellie";
				INFOPLIST_KEY_LSApplicationCategoryType = "public.app-category.utilities";
				INFOPLIST_KEY_NSMainNibFile = "";
				INFOPLIST_KEY_NSPrincipalClass = NSApplication;
				LD_RUNPATH_SEARCH_PATHS = (
					"$(inherited)",
					"@executable_path/../Frameworks",
				);
				MARKETING_VERSION = 1.2;
				PRODUCT_BUNDLE_IDENTIFIER = com.pathpoint.tiny-ellie;
				PRODUCT_NAME = "Tiny Ellie";
				RUNTIME_EXCEPTION_ALLOW_DYLD_ENVIRONMENT_VARIABLES = NO;
				RUNTIME_EXCEPTION_ALLOW_JIT = NO;
				RUNTIME_EXCEPTION_ALLOW_UNSIGNED_EXECUTABLE_MEMORY = NO;
				RUNTIME_EXCEPTION_DEBUGGING_TOOL = NO;
				RUNTIME_EXCEPTION_DISABLE_EXECUTABLE_PAGE_PROTECTION = NO;
				RUNTIME_EXCEPTION_DISABLE_LIBRARY_VALIDATION = NO;
				SWIFT_EMIT_LOC_STRINGS = YES;
				SWIFT_VERSION = 5.0;
			};
			name = Debug;
		};
		A1000000A000000000000004 /* Release */ = {
			isa = XCBuildConfiguration;
			buildSettings = {
				ASSETCATALOG_COMPILER_APPICON_NAME = AppIcon;
				AUTOMATION_APPLE_EVENTS = NO;
				CODE_SIGN_ENTITLEMENTS = LilAgents/LilAgents.entitlements;
				CODE_SIGN_STYLE = Automatic;
				COMBINE_HIDPI_IMAGES = YES;
				CURRENT_PROJECT_VERSION = 2;
				DEAD_CODE_STRIPPING = YES;
				DEVELOPMENT_TEAM = 64KKU33NVH;
				ENABLE_HARDENED_RUNTIME = YES;
				ENABLE_RESOURCE_ACCESS_AUDIO_INPUT = NO;
				ENABLE_RESOURCE_ACCESS_CALENDARS = NO;
				ENABLE_RESOURCE_ACCESS_CAMERA = NO;
				ENABLE_RESOURCE_ACCESS_CONTACTS = NO;
				ENABLE_RESOURCE_ACCESS_LOCATION = NO;
				ENABLE_RESOURCE_ACCESS_PHOTO_LIBRARY = NO;
				GENERATE_INFOPLIST_FILE = YES;
				INFOPLIST_FILE = LilAgents/Info.plist;
				INFOPLIST_KEY_CFBundleDisplayName = "Tiny Ellie";
				INFOPLIST_KEY_LSApplicationCategoryType = "public.app-category.utilities";
				INFOPLIST_KEY_NSMainNibFile = "";
				INFOPLIST_KEY_NSPrincipalClass = NSApplication;
				LD_RUNPATH_SEARCH_PATHS = (
					"$(inherited)",
					"@executable_path/../Frameworks",
				);
				MARKETING_VERSION = 1.2;
				PRODUCT_BUNDLE_IDENTIFIER = com.pathpoint.tiny-ellie;
				PRODUCT_NAME = "Tiny Ellie";
				RUNTIME_EXCEPTION_ALLOW_DYLD_ENVIRONMENT_VARIABLES = NO;
				RUNTIME_EXCEPTION_ALLOW_JIT = NO;
				RUNTIME_EXCEPTION_ALLOW_UNSIGNED_EXECUTABLE_MEMORY = NO;
				RUNTIME_EXCEPTION_DEBUGGING_TOOL = NO;
				RUNTIME_EXCEPTION_DISABLE_EXECUTABLE_PAGE_PROTECTION = NO;
				RUNTIME_EXCEPTION_DISABLE_LIBRARY_VALIDATION = NO;
				SWIFT_EMIT_LOC_STRINGS = YES;
				SWIFT_VERSION = 5.0;
			};
			name = Release;
		};
/* End XCBuildConfiguration section */

/* Begin XCConfigurationList section */
		A10000080000000000000001 /* Build configuration list for PBXNativeTarget "LilAgents" */ = {
			isa = XCConfigurationList;
			buildConfigurations = (
				A1000000A000000000000003 /* Debug */,
				A1000000A000000000000004 /* Release */,
			);
			defaultConfigurationIsVisible = 0;
			defaultConfigurationName = Release;
		};
		A10000080000000000000002 /* Build configuration list for PBXProject "lil-agents" */ = {
			isa = XCConfigurationList;
			buildConfigurations = (
				A1000000A000000000000001 /* Debug */,
				A1000000A000000000000002 /* Release */,
			);
			defaultConfigurationIsVisible = 0;
			defaultConfigurationName = Release;
		};
/* End XCConfigurationList section */

/* Begin XCRemoteSwiftPackageReference section */
		922A33A62F812E36008BF92C /* XCRemoteSwiftPackageReference "lottie-spm" */ = {
			isa = XCRemoteSwiftPackageReference;
			repositoryURL = "https://github.com/airbnb/lottie-spm.git";
			requirement = {
				kind = upToNextMajorVersion;
				minimumVersion = 4.6.0;
			};
		};
		929E60C22F748E3E003EA359 /* XCRemoteSwiftPackageReference "Sparkle" */ = {
			isa = XCRemoteSwiftPackageReference;
			repositoryURL = "https://github.com/sparkle-project/Sparkle";
			requirement = {
				kind = upToNextMajorVersion;
				minimumVersion = 2.9.0;
			};
		};
		92AFCDB12F805B6D002E07B5 /* XCRemoteSwiftPackageReference "SettingsKit-macOS" */ = {
			isa = XCRemoteSwiftPackageReference;
			repositoryURL = "https://github.com/david-swift/SettingsKit-macOS";
			requirement = {
				kind = upToNextMajorVersion;
				minimumVersion = 0.3.0;
			};
		};
/* End XCRemoteSwiftPackageReference section */

/* Begin XCSwiftPackageProductDependency section */
		922A33A42F812E09008BF92C /* Sparkle */ = {
			isa = XCSwiftPackageProductDependency;
			package = 929E60C22F748E3E003EA359 /* XCRemoteSwiftPackageReference "Sparkle" */;
			productName = Sparkle;
		};
		922A33A82F812F19008BF92C /* Lottie */ = {
			isa = XCSwiftPackageProductDependency;
			package = 922A33A62F812E36008BF92C /* XCRemoteSwiftPackageReference "lottie-spm" */;
			productName = Lottie;
		};
/* End XCSwiftPackageProductDependency section */
	};
	rootObject = A10000090000000000000001 /* Project object */;
}
